
Microsoft Visual Studio Solution File, Format Version 12.00
# Visual Studio Version 16
VisualStudioVersion = 16.0.31911.196
MinimumVisualStudioVersion = 10.0.40219.1
Project("{FAE04EC0-301F-11D3-BF4B-00C04F79EFBC}") = "CrMVCDemp1", "CrMVCDemp1\CrMVCDemp1.csproj", "{019C018A-8F3A-4F86-B717-5F13CD6A78A2}"
EndProject
Global
	GlobalSection(SolutionConfigurationPlatforms) = preSolution
		Debug|Any CPU = Debug|Any CPU
		Release|Any CPU = Release|Any CPU
	EndGlobalSection
	GlobalSection(ProjectConfigurationPlatforms) = postSolution
		{019C018A-8F3A-4F86-B717-5F13CD6A78A2}.Debug|Any CPU.ActiveCfg = Debug|Any CPU
		{019C018A-8F3A-4F86-B717-5F13CD6A78A2}.Debug|Any CPU.Build.0 = Debug|Any CPU
		{019C018A-8F3A-4F86-B717-5F13CD6A78A2}.Release|Any CPU.ActiveCfg = Release|Any CPU
		{019C018A-8F3A-4F86-B717-5F13CD6A78A2}.Release|Any CPU.Build.0 = Release|Any CPU
	EndGlobalSection
	GlobalSection(SolutionProperties) = preSolution
		HideSolutionNode = FALSE
	EndGlobalSection
	GlobalSection(ExtensibilityGlobals) = postSolution
		SolutionGuid = {2ADDB2C5-8A9A-4E22-8E7F-FA4DC91A1621}
	EndGlobalSection
EndGlobal
